
Microsoft Visual Studio Solution File, Format Version 12.00
# Visual Studio Version 17
VisualStudioVersion = 17.0.31903.59
MinimumVisualStudioVersion = 10.0.40219.1
Project("{2150E333-8FDC-42A3-9474-1A3956D46DE8}") = "src", "src", "{5C8A41BD-0A2B-4CC4-B96D-238493F0232B}"
EndProject
Project("{2150E333-8FDC-42A3-9474-1A3956D46DE8}") = "CleanArchitecture", "CleanArchitecture", "{1F190F6A-027D-48FF-853C-FE2E8C66B4AC}"
EndProject
Project("{FAE04EC0-301F-11D3-BF4B-00C04F79EFBC}") = "CleanArchitecture.Domain", "src\CleanArchitecture\CleanArchitecture.Domain\CleanArchitecture.Domain.csproj", "{072066F1-AB17-47A8-AD9D-E418687CC7DC}"
EndProject
Project("{FAE04EC0-301F-11D3-BF4B-00C04F79EFBC}") = "CleanArchitecture.Application", "src\CleanArchitecture\CleanArchitecture.Application\CleanArchitecture.Application.csproj", "{49FD9045-8D39-42CA-8453-9FD3FAA8E304}"
EndProject
Global
	GlobalSection(SolutionConfigurationPlatforms) = preSolution
		Debug|Any CPU = Debug|Any CPU
		Release|Any CPU = Release|Any CPU
	EndGlobalSection
	GlobalSection(SolutionProperties) = preSolution
		HideSolutionNode = FALSE
	EndGlobalSection
	GlobalSection(ProjectConfigurationPlatforms) = postSolution
		{072066F1-AB17-47A8-AD9D-E418687CC7DC}.Debug|Any CPU.ActiveCfg = Debug|Any CPU
		{072066F1-AB17-47A8-AD9D-E418687CC7DC}.Debug|Any CPU.Build.0 = Debug|Any CPU
		{072066F1-AB17-47A8-AD9D-E418687CC7DC}.Release|Any CPU.ActiveCfg = Release|Any CPU
		{072066F1-AB17-47A8-AD9D-E418687CC7DC}.Release|Any CPU.Build.0 = Release|Any CPU
		{49FD9045-8D39-42CA-8453-9FD3FAA8E304}.Debug|Any CPU.ActiveCfg = Debug|Any CPU
		{49FD9045-8D39-42CA-8453-9FD3FAA8E304}.Debug|Any CPU.Build.0 = Debug|Any CPU
		{49FD9045-8D39-42CA-8453-9FD3FAA8E304}.Release|Any CPU.ActiveCfg = Release|Any CPU
		{49FD9045-8D39-42CA-8453-9FD3FAA8E304}.Release|Any CPU.Build.0 = Release|Any CPU
	EndGlobalSection
	GlobalSection(NestedProjects) = preSolution
		{1F190F6A-027D-48FF-853C-FE2E8C66B4AC} = {5C8A41BD-0A2B-4CC4-B96D-238493F0232B}
		{072066F1-AB17-47A8-AD9D-E418687CC7DC} = {1F190F6A-027D-48FF-853C-FE2E8C66B4AC}
		{49FD9045-8D39-42CA-8453-9FD3FAA8E304} = {1F190F6A-027D-48FF-853C-FE2E8C66B4AC}
	EndGlobalSection
EndGlobal
